// !$*UTF8*$!
{
	archiveVersion = 1;
	classes = {
	};
	objectVersion = 50;
	objects = {

/* Begin PBXBuildFile section */
		787678622199C149001C871C /* AppDelegate.m in Sources */ = {isa = PBXBuildFile; fileRef = 787678612199C149001C871C /* AppDelegate.m */; };
		787678652199C149001C871C /* ViewController.m in Sources */ = {isa = PBXBuildFile; fileRef = 787678642199C149001C871C /* ViewController.m */; };
		787678682199C149001C871C /* Main.storyboard in Resources */ = {isa = PBXBuildFile; fileRef = 787678662199C149001C871C /* Main.storyboard */; };
		7876786A2199C14B001C871C /* Assets.xcassets in Resources */ = {isa = PBXBuildFile; fileRef = 787678692199C14B001C871C /* Assets.xcassets */; };
		7876786D2199C14B001C871C /* LaunchScreen.storyboard in Resources */ = {isa = PBXBuildFile; fileRef = 7876786B2199C14B001C871C /* LaunchScreen.storyboard */; };
		787678702199C14B001C871C /* main.m in Sources */ = {isa = PBXBuildFile; fileRef = 7876786F2199C14B001C871C /* main.m */; };
		AC9CBB45E629F84A8009DD5C /* Pods_DemoCocoapodsCDN.framework in Frameworks */ = {isa = PBXBuildFile; fileRef = E5DECF60DBE7B676E17C8B5B /* Pods_DemoCocoapodsCDN.framework */; };
/* End PBXBuildFile section */

/* Begin PBXFileReference section */
		1B86E6EE04DD55BB05E86364 /* Pods-DemoCocoapodsCDN.debug.xcconfig */ = {isa = PBXFileReference; includeInIndex = 1; lastKnownFileType = text.xcconfig; name = "Pods-DemoCocoapodsCDN.debug.xcconfig"; path = "Target Support Files/Pods-DemoCocoapodsCDN/Pods-DemoCocoapodsCDN.debug.xcconfig"; sourceTree = "<group>"; };
		7876785D2199C149001C871C /* DemoCocoapodsCDN.app */ = {isa = PBXFileReference; explicitFileType = wrapper.application; includeInIndex = 0; path = DemoCocoapodsCDN.app; sourceTree = BUILT_PRODUCTS_DIR; };
		787678602199C149001C871C /* AppDelegate.h */ = {isa = PBXFileReference; lastKnownFileType = sourcecode.c.h; path = AppDelegate.h; sourceTree = "<group>"; };
		787678612199C149001C871C /* AppDelegate.m */ = {isa = PBXFileReference; lastKnownFileType = sourcecode.c.objc; path = AppDelegate.m; sourceTree = "<group>"; };
		787678632199C149001C871C /* ViewController.h */ = {isa = PBXFileReference; lastKnownFileType = sourcecode.c.h; path = ViewController.h; sourceTree = "<group>"; };
		787678642199C149001C871C /* ViewController.m */ = {isa = PBXFileReference; lastKnownFileType = sourcecode.c.objc; path = ViewController.m; sourceTree = "<group>"; };
		787678672199C149001C871C /* Base */ = {isa = PBXFileReference; lastKnownFileType = file.storyboard; name = Base; path = Base.lproj/Main.storyboard; sourceTree = "<group>"; };
		787678692199C14B001C871C /* Assets.xcassets */ = {isa = PBXFileReference; lastKnownFileType = folder.assetcatalog; path = Assets.xcassets; sourceTree = "<group>"; };
		7876786C2199C14B001C871C /* Base */ = {isa = PBXFileReference; lastKnownFileType = file.storyboard; name = Base; path = Base.lproj/LaunchScreen.storyboard; sourceTree = "<group>"; };
		7876786E2199C14B001C871C /* Info.plist */ = {isa = PBXFileReference; lastKnownFileType = text.plist.xml; path = Info.plist; sourceTree = "<group>"; };
		7876786F2199C14B001C871C /* main.m */ = {isa = PBXFileReference; lastKnownFileType = sourcecode.c.objc; path = main.m; sourceTree = "<group>"; };
		CAA4533B3BB43553EC4779E5 /* Pods-DemoCocoapodsCDN.release.xcconfig */ = {isa = PBXFileReference; includeInIndex = 1; lastKnownFileType = text.xcconfig; name = "Pods-DemoCocoapodsCDN.release.xcconfig"; path = "Target Support Files/Pods-DemoCocoapodsCDN/Pods-DemoCocoapodsCDN.release.xcconfig"; sourceTree = "<group>"; };
		E5DECF60DBE7B676E17C8B5B /* Pods_DemoCocoapodsCDN.framework */ = {isa = PBXFileReference; explicitFileType = wrapper.framework; includeInIndex = 0; path = Pods_DemoCocoapodsCDN.framework; sourceTree = BUILT_PRODUCTS_DIR; };
/* End PBXFileReference section */

/* Begin PBXFrameworksBuildPhase section */
		7876785A2199C149001C871C /* Frameworks */ = {
			isa = PBXFrameworksBuildPhase;
			buildActionMask = 2147483647;
			files = (
				AC9CBB45E629F84A8009DD5C /* Pods_DemoCocoapodsCDN.framework in Frameworks */,
			);
			runOnlyForDeploymentPostprocessing = 0;
		};
/* End PBXFrameworksBuildPhase section */

/* Begin PBXGroup section */
		7299DF3493BC08EE2B0C208C /* Frameworks */ = {
			isa = PBXGroup;
			children = (
				E5DECF60DBE7B676E17C8B5B /* Pods_DemoCocoapodsCDN.framework */,
			);
			name = Frameworks;
			sourceTree = "<group>";
		};
		787678542199C149001C871C = {
			isa = PBXGroup;
			children = (
				7876785F2199C149001C871C /* DemoCocoapodsCDN */,
				7876785E2199C149001C871C /* Products */,
				7B27DD112988726FC6238CA3 /* Pods */,
				7299DF3493BC08EE2B0C208C /* Frameworks */,
			);
			sourceTree = "<group>";
		};
		7876785E2199C149001C871C /* Products */ = {
			isa = PBXGroup;
			children = (
				7876785D2199C149001C871C /* DemoCocoapodsCDN.app */,
			);
			name = Products;
			sourceTree = "<group>";
		};
		7876785F2199C149001C871C /* DemoCocoapodsCDN */ = {
			isa = PBXGroup;
			children = (
				787678602199C149001C871C /* AppDelegate.h */,
				787678612199C149001C871C /* AppDelegate.m */,
				787678632199C149001C871C /* ViewController.h */,
				787678642199C149001C871C /* ViewController.m */,
				787678662199C149001C871C /* Main.storyboard */,
				787678692199C14B001C871C /* Assets.xcassets */,
				7876786B2199C14B001C871C /* LaunchScreen.storyboard */,
				7876786E2199C14B001C871C /* Info.plist */,
				7876786F2199C14B001C871C /* main.m */,
			);
			path = DemoCocoapodsCDN;
			sourceTree = "<group>";
		};
		7B27DD112988726FC6238CA3 /* Pods */ = {
			isa = PBXGroup;
			children = (
				1B86E6EE04DD55BB05E86364 /* Pods-DemoCocoapodsCDN.debug.xcconfig */,
				CAA4533B3BB43553EC4779E5 /* Pods-DemoCocoapodsCDN.release.xcconfig */,
			);
			name = Pods;
			path = Pods;
			sourceTree = "<group>";
		};
/* End PBXGroup section */

/* Begin PBXNativeTarget section */
		7876785C2199C149001C871C /* DemoCocoapodsCDN */ = {
			isa = PBXNativeTarget;
			buildConfigurationList = 787678732199C14B001C871C /* Build configuration list for PBXNativeTarget "DemoCocoapodsCDN" */;
			buildPhases = (
				AE1EEC5F542EE32171B77D86 /* [CP] Check Pods Manifest.lock */,
				787678592199C149001C871C /* Sources */,
				7876785A2199C149001C871C /* Frameworks */,
				7876785B2199C149001C871C /* Resources */,
				0570E6517B67377744489803 /* [CP] Embed Pods Frameworks */,
			);
			buildRules = (
			);
			dependencies = (
			);
			name = DemoCocoapodsCDN;
			productName = DemoCocoapodsCDN;
			productReference = 7876785D2199C149001C871C /* DemoCocoapodsCDN.app */;
			productType = "com.apple.product-type.application";
		};
/* End PBXNativeTarget section */

/* Begin PBXProject section */
		787678552199C149001C871C /* Project object */ = {
			isa = PBXProject;
			attributes = {
				LastUpgradeCheck = 1010;
				ORGANIZATIONNAME = Igor;
				TargetAttributes = {
					7876785C2199C149001C871C = {
						CreatedOnToolsVersion = 10.1;
					};
				};
			};
			buildConfigurationList = 787678582199C149001C871C /* Build configuration list for PBXProject "DemoCocoapodsCDN" */;
			compatibilityVersion = "Xcode 9.3";
			developmentRegion = en;
			hasScannedForEncodings = 0;
			knownRegions = (
				en,
				Base,
			);
			mainGroup = 787678542199C149001C871C;
			productRefGroup = 7876785E2199C149001C871C /* Products */;
			projectDirPath = "";
			projectRoot = "";
			targets = (
				7876785C2199C149001C871C /* DemoCocoapodsCDN */,
			);
		};
/* End PBXProject section */

/* Begin PBXResourcesBuildPhase section */
		7876785B2199C149001C871C /* Resources */ = {
			isa = PBXResourcesBuildPhase;
			buildActionMask = 2147483647;
			files = (
				7876786D2199C14B001C871C /* LaunchScreen.storyboard in Resources */,
				7876786A2199C14B001C871C /* Assets.xcassets in Resources */,
				787678682199C149001C871C /* Main.storyboard in Resources */,
			);
			runOnlyForDeploymentPostprocessing = 0;
		};
/* End PBXResourcesBuildPhase section */

/* Begin PBXShellScriptBuildPhase section */
		0570E6517B67377744489803 /* [CP] Embed Pods Frameworks */ = {
			isa = PBXShellScriptBuildPhase;
			buildActionMask = 2147483647;
			files = (
			);
			inputFileListPaths = (
			);
			inputPaths = (
				"${PODS_ROOT}/Target Support Files/Pods-DemoCocoapodsCDN/Pods-DemoCocoapodsCDN-frameworks.sh",
				"${BUILT_PRODUCTS_DIR}/FMDB/FMDB.framework",
				"${BUILT_PRODUCTS_DIR}/ReactiveObjC/ReactiveObjC.framework",
			);
			name = "[CP] Embed Pods Frameworks";
			outputFileListPaths = (
			);
			outputPaths = (
				"${TARGET_BUILD_DIR}/${FRAMEWORKS_FOLDER_PATH}/FMDB.framework",
				"${TARGET_BUILD_DIR}/${FRAMEWORKS_FOLDER_PATH}/ReactiveObjC.framework",
			);
			runOnlyForDeploymentPostprocessing = 0;
			shellPath = /bin/sh;
			shellScript = "\"${PODS_ROOT}/Target Support Files/Pods-DemoCocoapodsCDN/Pods-DemoCocoapodsCDN-frameworks.sh\"\n";
			showEnvVarsInLog = 0;
		};
		AE1EEC5F542EE32171B77D86 /* [CP] Check Pods Manifest.lock */ = {
			isa = PBXShellScriptBuildPhase;
			buildActionMask = 2147483647;
			files = (
			);
			inputFileListPaths = (
			);
			inputPaths = (
				"${PODS_PODFILE_DIR_PATH}/Podfile.lock",
				"${PODS_ROOT}/Manifest.lock",
			);
			name = "[CP] Check Pods Manifest.lock";
			outputFileListPaths = (
			);
			outputPaths = (
				"$(DERIVED_FILE_DIR)/Pods-DemoCocoapodsCDN-checkManifestLockResult.txt",
			);
			runOnlyForDeploymentPostprocessing = 0;
			shellPath = /bin/sh;
			shellScript = "diff \"${PODS_PODFILE_DIR_PATH}/Podfile.lock\" \"${PODS_ROOT}/Manifest.lock\" > /dev/null\nif [ $? != 0 ] ; then\n    # print error to STDERR\n    echo \"error: The sandbox is not in sync with the Podfile.lock. Run 'pod install' or update your CocoaPods installation.\" >&2\n    exit 1\nfi\n# This output is used by Xcode 'outputs' to avoid re-running this script phase.\necho \"SUCCESS\" > \"${SCRIPT_OUTPUT_FILE_0}\"\n";
			showEnvVarsInLog = 0;
		};
/* End PBXShellScriptBuildPhase section */

/* Begin PBXSourcesBuildPhase section */
		787678592199C149001C871C /* Sources */ = {
			isa = PBXSourcesBuildPhase;
			buildActionMask = 2147483647;
			files = (
				787678652199C149001C871C /* ViewController.m in Sources */,
				787678702199C14B001C871C /* main.m in Sources */,
				787678622199C149001C871C /* AppDelegate.m in Sources */,
			);
			runOnlyForDeploymentPostprocessing = 0;
		};
/* End PBXSourcesBuildPhase section */

/* Begin PBXVariantGroup section */
		787678662199C149001C871C /* Main.storyboard */ = {
			isa = PBXVariantGroup;
			children = (
				787678672199C149001C871C /* Base */,
			);
			name = Main.storyboard;
			sourceTree = "<group>";
		};
		7876786B2199C14B001C871C /* LaunchScreen.storyboard */ = {
			isa = PBXVariantGroup;
			children = (
				7876786C2199C14B001C871C /* Base */,
			);
			name = LaunchScreen.storyboard;
			sourceTree = "<group>";
		};
/* End PBXVariantGroup section */

/* Begin XCBuildConfiguration section */
		787678712199C14B001C871C /* Debug */ = {
			isa = XCBuildConfiguration;
			buildSettings = {
				ALWAYS_SEARCH_USER_PATHS = NO;
				CLANG_ANALYZER_NONNULL = YES;
				CLANG_ANALYZER_NUMBER_OBJECT_CONVERSION = YES_AGGRESSIVE;
				CLANG_CXX_LANGUAGE_STANDARD = "gnu++14";
				CLANG_CXX_LIBRARY = "libc++";
				CLANG_ENABLE_MODULES = YES;
				CLANG_ENABLE_OBJC_ARC = YES;
				CLANG_ENABLE_OBJC_WEAK = YES;
				CLANG_WARN_BLOCK_CAPTURE_AUTORELEASING = YES;
				CLANG_WARN_BOOL_CONVERSION = YES;
				CLANG_WARN_COMMA = YES;
				CLANG_WARN_CONSTANT_CONVERSION = YES;
				CLANG_WARN_DEPRECATED_OBJC_IMPLEMENTATIONS = YES;
				CLANG_WARN_DIRECT_OBJC_ISA_USAGE = YES_ERROR;
				CLANG_WARN_DOCUMENTATION_COMMENTS = YES;
				CLANG_WARN_EMPTY_BODY = YES;
				CLANG_WARN_ENUM_CONVERSION = YES;
				CLANG_WARN_INFINITE_RECURSION = YES;
				CLANG_WARN_INT_CONVERSION = YES;
				CLANG_WARN_NON_LITERAL_NULL_CONVERSION = YES;
				CLANG_WARN_OBJC_IMPLICIT_RETAIN_SELF = YES;
				CLANG_WARN_OBJC_LITERAL_CONVERSION = YES;
				CLANG_WARN_OBJC_ROOT_CLASS = YES_ERROR;
				CLANG_WARN_RANGE_LOOP_ANALYSIS = YES;
				CLANG_WARN_STRICT_PROTOTYPES = YES;
				CLANG_WARN_SUSPICIOUS_MOVE = YES;
				CLANG_WARN_UNGUARDED_AVAILABILITY = YES_AGGRESSIVE;
				CLANG_WARN_UNREACHABLE_CODE = YES;
				CLANG_WARN__DUPLICATE_METHOD_MATCH = YES;
				CODE_SIGN_IDENTITY = "iPhone Developer";
				COPY_PHASE_STRIP = NO;
				DEBUG_INFORMATION_FORMAT = dwarf;
				ENABLE_STRICT_OBJC_MSGSEND = YES;
				ENABLE_TESTABILITY = YES;
				GCC_C_LANGUAGE_STANDARD = gnu11;
				GCC_DYNAMIC_NO_PIC = NO;
				GCC_NO_COMMON_BLOCKS = YES;
				GCC_OPTIMIZATION_LEVEL = 0;
				GCC_PREPROCESSOR_DEFINITIONS = (
					"DEBUG=1",
					"$(inherited)",
				);
				GCC_WARN_64_TO_32_BIT_CONVERSION = YES;
				GCC_WARN_ABOUT_RETURN_TYPE = YES_ERROR;
				GCC_WARN_UNDECLARED_SELECTOR = YES;
				GCC_WARN_UNINITIALIZED_AUTOS = YES_AGGRESSIVE;
				GCC_WARN_UNUSED_FUNCTION = YES;
				GCC_WARN_UNUSED_VARIABLE = YES;
				IPHONEOS_DEPLOYMENT_TARGET = 12.1;
				MTL_ENABLE_DEBUG_INFO = INCLUDE_SOURCE;
				MTL_FAST_MATH = YES;
				ONLY_ACTIVE_ARCH = YES;
				SDKROOT = iphoneos;
			};
			name = Debug;
		};
		787678722199C14B001C871C /* Release */ = {
			isa = XCBuildConfiguration;
			buildSettings = {
				ALWAYS_SEARCH_USER_PATHS = NO;
				CLANG_ANALYZER_NONNULL = YES;
				CLANG_ANALYZER_NUMBER_OBJECT_CONVERSION = YES_AGGRESSIVE;
				CLANG_CXX_LANGUAGE_STANDARD = "gnu++14";
				CLANG_CXX_LIBRARY = "libc++";
				CLANG_ENABLE_MODULES = YES;
				CLANG_ENABLE_OBJC_ARC = YES;
				CLANG_ENABLE_OBJC_WEAK = YES;
				CLANG_WARN_BLOCK_CAPTURE_AUTORELEASING = YES;
				CLANG_WARN_BOOL_CONVERSION = YES;
				CLANG_WARN_COMMA = YES;
				CLANG_WARN_CONSTANT_CONVERSION = YES;
				CLANG_WARN_DEPRECATED_OBJC_IMPLEMENTATIONS = YES;
				CLANG_WARN_DIRECT_OBJC_ISA_USAGE = YES_ERROR;
				CLANG_WARN_DOCUMENTATION_COMMENTS = YES;
				CLANG_WARN_EMPTY_BODY = YES;
				CLANG_WARN_ENUM_CONVERSION = YES;
				CLANG_WARN_INFINITE_RECURSION = YES;
				CLANG_WARN_INT_CONVERSION = YES;
				CLANG_WARN_NON_LITERAL_NULL_CONVERSION = YES;
				CLANG_WARN_OBJC_IMPLICIT_RETAIN_SELF = YES;
				CLANG_WARN_OBJC_LITERAL_CONVERSION = YES;
				CLANG_WARN_OBJC_ROOT_CLASS = YES_ERROR;
				CLANG_WARN_RANGE_LOOP_ANALYSIS = YES;
				CLANG_WARN_STRICT_PROTOTYPES = YES;
				CLANG_WARN_SUSPICIOUS_MOVE = YES;
				CLANG_WARN_UNGUARDED_AVAILABILITY = YES_AGGRESSIVE;
				CLANG_WARN_UNREACHABLE_CODE = YES;
				CLANG_WARN__DUPLICATE_METHOD_MATCH = YES;
				CODE_SIGN_IDENTITY = "iPhone Developer";
				COPY_PHASE_STRIP = NO;
				DEBUG_INFORMATION_FORMAT = "dwarf-with-dsym";
				ENABLE_NS_ASSERTIONS = NO;
				ENABLE_STRICT_OBJC_MSGSEND = YES;
				GCC_C_LANGUAGE_STANDARD = gnu11;
				GCC_NO_COMMON_BLOCKS = YES;
				GCC_WARN_64_TO_32_BIT_CONVERSION = YES;
				GCC_WARN_ABOUT_RETURN_TYPE = YES_ERROR;
				GCC_WARN_UNDECLARED_SELECTOR = YES;
				GCC_WARN_UNINITIALIZED_AUTOS = YES_AGGRESSIVE;
				GCC_WARN_UNUSED_FUNCTION = YES;
				GCC_WARN_UNUSED_VARIABLE = YES;
				IPHONEOS_DEPLOYMENT_TARGET = 12.1;
				MTL_ENABLE_DEBUG_INFO = NO;
				MTL_FAST_MATH = YES;
				SDKROOT = iphoneos;
				VALIDATE_PRODUCT = YES;
			};
			name = Release;
		};
		787678742199C14B001C871C /* Debug */ = {
			isa = XCBuildConfiguration;
			baseConfigurationReference = 1B86E6EE04DD55BB05E86364 /* Pods-DemoCocoapodsCDN.debug.xcconfig */;
			buildSettings = {
				ASSETCATALOG_COMPILER_APPICON_NAME = AppIcon;
				CODE_SIGN_STYLE = Automatic;
				INFOPLIST_FILE = DemoCocoapodsCDN/Info.plist;
				LD_RUNPATH_SEARCH_PATHS = (
					"$(inherited)",
					"@executable_path/Frameworks",
				);
				PRODUCT_BUNDLE_IDENTIFIER = com.igor.DemoCocoapodsCDN;
				PRODUCT_NAME = "$(TARGET_NAME)";
				TARGETED_DEVICE_FAMILY = "1,2";
			};
			name = Debug;
		};
		787678752199C14B001C871C /* Release */ = {
			isa = XCBuildConfiguration;
			baseConfigurationReference = CAA4533B3BB43553EC4779E5 /* Pods-DemoCocoapodsCDN.release.xcconfig */;
			buildSettings = {
				ASSETCATALOG_COMPILER_APPICON_NAME = AppIcon;
				CODE_SIGN_STYLE = Automatic;
				INFOPLIST_FILE = DemoCocoapodsCDN/Info.plist;
				LD_RUNPATH_SEARCH_PATHS = (
					"$(inherited)",
					"@executable_path/Frameworks",
				);
				PRODUCT_BUNDLE_IDENTIFIER = com.igor.DemoCocoapodsCDN;
				PRODUCT_NAME = "$(TARGET_NAME)";
				TARGETED_DEVICE_FAMILY = "1,2";
			};
			name = Release;
		};
/* End XCBuildConfiguration section */

/* Begin XCConfigurationList section */
		787678582199C149001C871C /* Build configuration list for PBXProject "DemoCocoapodsCDN" */ = {
			isa = XCConfigurationList;
			buildConfigurations = (
				787678712199C14B001C871C /* Debug */,
				787678722199C14B001C871C /* Release */,
			);
			defaultConfigurationIsVisible = 0;
			defaultConfigurationName = Release;
		};
		787678732199C14B001C871C /* Build configuration list for PBXNativeTarget "DemoCocoapodsCDN" */ = {
			isa = XCConfigurationList;
			buildConfigurations = (
				787678742199C14B001C871C /* Debug */,
				787678752199C14B001C871C /* Release */,
			);
			defaultConfigurationIsVisible = 0;
			defaultConfigurationName = Release;
		};
/* End XCConfigurationList section */
	};
	rootObject = 787678552199C149001C871C /* Project object */;
}
